Microsoft Visual Studio Solution File, Format Version 12.00
# Visual Studio Version 17
VisualStudioVersion = 17.5.2.0
MinimumVisualStudioVersion = 10.0.40219.1
Project("{FAE04EC0-301F-11D3-BF4B-00C04F79EFBC}") = "NotesMcp", "NotesMcp.csproj", "{C81D7C65-CEE0-778C-0480-5F4867D22DC2}"
EndProject
Global
	GlobalSection(SolutionConfigurationPlatforms) = preSolution
		Debug|Any CPU = Debug|Any CPU
		Release|Any CPU = Release|Any CPU
	EndGlobalSection
	GlobalSection(ProjectConfigurationPlatforms) = postSolution
		{C81D7C65-CEE0-778C-0480-5F4867D22DC2}.Debug|Any CPU.ActiveCfg = Debug|Any CPU
		{C81D7C65-CEE0-778C-0480-5F4867D22DC2}.Debug|Any CPU.Build.0 = Debug|Any CPU
		{C81D7C65-CEE0-778C-0480-5F4867D22DC2}.Release|Any CPU.ActiveCfg = Release|Any CPU
		{C81D7C65-CEE0-778C-0480-5F4867D22DC2}.Release|Any CPU.Build.0 = Release|Any CPU
	EndGlobalSection
	GlobalSection(SolutionProperties) = preSolution
		HideSolutionNode = FALSE
	EndGlobalSection
	GlobalSection(ExtensibilityGlobals) = postSolution
		SolutionGuid = {11C06EF4-BD31-4D6D-9A30-13E4A5AB3B16}
	EndGlobalSection
EndGlobal
